
Microsoft Visual Studio Solution File, Format Version 12.00
# Visual Studio 15
VisualStudioVersion = 15.0.27130.2010
MinimumVisualStudioVersion = 10.0.40219.1
Project("{9A19103F-16F7-4668-BE54-9A1E7A4F7556}") = "Proj_s", "Proj_s\Proj_s.csproj", "{3580B4E3-02E6-466E-B21E-E2CEF151161B}"
EndProject
Global
	GlobalSection(SolutionConfigurationPlatforms) = preSolution
		Debug|Any CPU = Debug|Any CPU
		Release|Any CPU = Release|Any CPU
	EndGlobalSection
	GlobalSection(ProjectConfigurationPlatforms) = postSolution
		{3580B4E3-02E6-466E-B21E-E2CEF151161B}.Debug|Any CPU.ActiveCfg = Debug|Any CPU
		{3580B4E3-02E6-466E-B21E-E2CEF151161B}.Debug|Any CPU.Build.0 = Debug|Any CPU
		{3580B4E3-02E6-466E-B21E-E2CEF151161B}.Release|Any CPU.ActiveCfg = Release|Any CPU
		{3580B4E3-02E6-466E-B21E-E2CEF151161B}.Release|Any CPU.Build.0 = Release|Any CPU
	EndGlobalSection
	GlobalSection(SolutionProperties) = preSolution
		HideSolutionNode = FALSE
	EndGlobalSection
	GlobalSection(ExtensibilityGlobals) = postSolution
		SolutionGuid = {39E5B647-0F44-4D5F-8B77-EEB231A8ED54}
	EndGlobalSection
EndGlobal
